github.com/derilkillms/go-say-hello v1.0.0 h1:rB+bTXNm/mxSTxO8HAgH6ljBs6HEXVtQKUTO9PuU2zo=
github.com/derilkillms/go-say-hello v1.0.0/go.mod h1:7+RBPBFhSP6ff7fWgN5HU2Sgs9FVYlAB1vXGW66Xgic=
github.com/derilkillms/go-say-hello v1.5.0 h1:7alRqeBqJoW+VLoonadcli/l08GklOnp6XbxE+LrS40=
github.com/derilkillms/go-say-hello v1.5.0/go.mod h1:7+RBPBFhSP6ff7fWgN5HU2Sgs9FVYlAB1vXGW66Xgic=
github.com/derilkillms/go-say-hello/v2 v2.0.0 h1:t8rzxAwqKCvcPxBWqxp1geNQh6lDA82ujd1IVOyP/uQ=
github.com/derilkillms/go-say-hello/v2 v2.0.0/go.mod h1:fmP4BprOHWCDneI0mrAQULNrlfGGwGRANGFbZPdyUdc=
